// !$*UTF8*$!
{
	archiveVersion = 1;
	classes = {
	};
	objectVersion = 56;
	objects = {

/* Begin PBXBuildFile section */
		443C6E082A45C39F00DF060D /* NoteCell.swift in Sources */ = {isa = PBXBuildFile; fileRef = 443C6E062A45C39F00DF060D /* NoteCell.swift */; };
		443C6E092A45C39F00DF060D /* NoteCell.xib in Resources */ = {isa = PBXBuildFile; fileRef = 443C6E072A45C39F00DF060D /* NoteCell.xib */; };
		447940122A462293008FE53E /* ViewerController.swift in Sources */ = {isa = PBXBuildFile; fileRef = 447940112A462293008FE53E /* ViewerController.swift */; };
		44A4BFC62A458D38008EA9AD /* AppDelegate.swift in Sources */ = {isa = PBXBuildFile; fileRef = 44A4BFC52A458D38008EA9AD /* AppDelegate.swift */; };
		44A4BFC82A458D38008EA9AD /* SceneDelegate.swift in Sources */ = {isa = PBXBuildFile; fileRef = 44A4BFC72A458D38008EA9AD /* SceneDelegate.swift */; };
		44A4BFCA2A458D38008EA9AD /* ListController.swift in Sources */ = {isa = PBXBuildFile; fileRef = 44A4BFC92A458D38008EA9AD /* ListController.swift */; };
		44A4BFCD2A458D38008EA9AD /* Main.storyboard in Resources */ = {isa = PBXBuildFile; fileRef = 44A4BFCB2A458D38008EA9AD /* Main.storyboard */; };
		44A4BFD02A458D38008EA9AD /* GoldenNotes.xcdatamodeld in Sources */ = {isa = PBXBuildFile; fileRef = 44A4BFCE2A458D38008EA9AD /* GoldenNotes.xcdatamodeld */; };
		44A4BFD22A458D3A008EA9AD /* Assets.xcassets in Resources */ = {isa = PBXBuildFile; fileRef = 44A4BFD12A458D3A008EA9AD /* Assets.xcassets */; };
		44A4BFD52A458D3A008EA9AD /* LaunchScreen.storyboard in Resources */ = {isa = PBXBuildFile; fileRef = 44A4BFD32A458D3A008EA9AD /* LaunchScreen.storyboard */; };
		44A4BFE32A459025008EA9AD /* NoteController.swift in Sources */ = {isa = PBXBuildFile; fileRef = 44A4BFE22A459025008EA9AD /* NoteController.swift */; };
/* End PBXBuildFile section */

/* Begin PBXFileReference section */
		443C6E062A45C39F00DF060D /* NoteCell.swift */ = {isa = PBXFileReference; lastKnownFileType = sourcecode.swift; path = NoteCell.swift; sourceTree = "<group>"; };
		443C6E072A45C39F00DF060D /* NoteCell.xib */ = {isa = PBXFileReference; lastKnownFileType = file.xib; path = NoteCell.xib; sourceTree = "<group>"; };
		447940112A462293008FE53E /* ViewerController.swift */ = {isa = PBXFileReference; lastKnownFileType = sourcecode.swift; path = ViewerController.swift; sourceTree = "<group>"; };
		44A4BFC22A458D38008EA9AD /* GoldenNotes.app */ = {isa = PBXFileReference; explicitFileType = wrapper.application; includeInIndex = 0; path = GoldenNotes.app; sourceTree = BUILT_PRODUCTS_DIR; };
		44A4BFC52A458D38008EA9AD /* AppDelegate.swift */ = {isa = PBXFileReference; lastKnownFileType = sourcecode.swift; path = AppDelegate.swift; sourceTree = "<group>"; };
		44A4BFC72A458D38008EA9AD /* SceneDelegate.swift */ = {isa = PBXFileReference; lastKnownFileType = sourcecode.swift; path = SceneDelegate.swift; sourceTree = "<group>"; };
		44A4BFC92A458D38008EA9AD /* ListController.swift */ = {isa = PBXFileReference; lastKnownFileType = sourcecode.swift; path = ListController.swift; sourceTree = "<group>"; };
		44A4BFCC2A458D38008EA9AD /* Base */ = {isa = PBXFileReference; lastKnownFileType = file.storyboard; name = Base; path = Base.lproj/Main.storyboard; sourceTree = "<group>"; };
		44A4BFCF2A458D38008EA9AD /* GoldenNotes.xcdatamodel */ = {isa = PBXFileReference; lastKnownFileType = wrapper.xcdatamodel; path = GoldenNotes.xcdatamodel; sourceTree = "<group>"; };
		44A4BFD12A458D3A008EA9AD /* Assets.xcassets */ = {isa = PBXFileReference; lastKnownFileType = folder.assetcatalog; path = Assets.xcassets; sourceTree = "<group>"; };
		44A4BFD42A458D3A008EA9AD /* Base */ = {isa = PBXFileReference; lastKnownFileType = file.storyboard; name = Base; path = Base.lproj/LaunchScreen.storyboard; sourceTree = "<group>"; };
		44A4BFD62A458D3A008EA9AD /* Info.plist */ = {isa = PBXFileReference; lastKnownFileType = text.plist.xml; path = Info.plist; sourceTree = "<group>"; };
		44A4BFE22A459025008EA9AD /* NoteController.swift */ = {isa = PBXFileReference; lastKnownFileType = sourcecode.swift; path = NoteController.swift; sourceTree = "<group>"; };
/* End PBXFileReference section */

/* Begin PBXFrameworksBuildPhase section */
		44A4BFBF2A458D38008EA9AD /* Frameworks */ = {
			isa = PBXFrameworksBuildPhase;
			buildActionMask = 2147483647;
			files = (
			);
			runOnlyForDeploymentPostprocessing = 0;
		};
/* End PBXFrameworksBuildPhase section */

/* Begin PBXGroup section */
		443C6E0A2A45C3A500DF060D /* ViewCell */ = {
			isa = PBXGroup;
			children = (
				443C6E062A45C39F00DF060D /* NoteCell.swift */,
				443C6E072A45C39F00DF060D /* NoteCell.xib */,
			);
			path = ViewCell;
			sourceTree = "<group>";
		};
		44A4BFB92A458D38008EA9AD = {
			isa = PBXGroup;
			children = (
				44A4BFC42A458D38008EA9AD /* GoldenNotes */,
				44A4BFC32A458D38008EA9AD /* Products */,
			);
			sourceTree = "<group>";
		};
		44A4BFC32A458D38008EA9AD /* Products */ = {
			isa = PBXGroup;
			children = (
				44A4BFC22A458D38008EA9AD /* GoldenNotes.app */,
			);
			name = Products;
			sourceTree = "<group>";
		};
		44A4BFC42A458D38008EA9AD /* GoldenNotes */ = {
			isa = PBXGroup;
			children = (
				44A4BFDC2A458EA1008EA9AD /* Sources */,
				44A4BFDD2A458EB3008EA9AD /* Resources */,
				44A4BFE02A458FFD008EA9AD /* Model */,
				44A4BFE12A459004008EA9AD /* View */,
				44A4BFDF2A458FDA008EA9AD /* Controller */,
				44A4BFDE2A458ECC008EA9AD /* Support Files */,
				443C6E0A2A45C3A500DF060D /* ViewCell */,
			);
			path = GoldenNotes;
			sourceTree = "<group>";
		};
		44A4BFDC2A458EA1008EA9AD /* Sources */ = {
			isa = PBXGroup;
			children = (
				44A4BFC52A458D38008EA9AD /* AppDelegate.swift */,
				44A4BFC72A458D38008EA9AD /* SceneDelegate.swift */,
			);
			path = Sources;
			sourceTree = "<group>";
		};
		44A4BFDD2A458EB3008EA9AD /* Resources */ = {
			isa = PBXGroup;
			children = (
				44A4BFD32A458D3A008EA9AD /* LaunchScreen.storyboard */,
			);
			path = Resources;
			sourceTree = "<group>";
		};
		44A4BFDE2A458ECC008EA9AD /* Support Files */ = {
			isa = PBXGroup;
			children = (
				44A4BFD12A458D3A008EA9AD /* Assets.xcassets */,
				44A4BFD62A458D3A008EA9AD /* Info.plist */,
			);
			path = "Support Files";
			sourceTree = "<group>";
		};
		44A4BFDF2A458FDA008EA9AD /* Controller */ = {
			isa = PBXGroup;
			children = (
				44A4BFC92A458D38008EA9AD /* ListController.swift */,
				44A4BFE22A459025008EA9AD /* NoteController.swift */,
				447940112A462293008FE53E /* ViewerController.swift */,
			);
			path = Controller;
			sourceTree = "<group>";
		};
		44A4BFE02A458FFD008EA9AD /* Model */ = {
			isa = PBXGroup;
			children = (
				44A4BFCE2A458D38008EA9AD /* GoldenNotes.xcdatamodeld */,
			);
			path = Model;
			sourceTree = "<group>";
		};
		44A4BFE12A459004008EA9AD /* View */ = {
			isa = PBXGroup;
			children = (
				44A4BFCB2A458D38008EA9AD /* Main.storyboard */,
			);
			path = View;
			sourceTree = "<group>";
		};
/* End PBXGroup section */

/* Begin PBXNativeTarget section */
		44A4BFC12A458D38008EA9AD /* GoldenNotes */ = {
			isa = PBXNativeTarget;
			buildConfigurationList = 44A4BFD92A458D3A008EA9AD /* Build configuration list for PBXNativeTarget "GoldenNotes" */;
			buildPhases = (
				44A4BFBE2A458D38008EA9AD /* Sources */,
				44A4BFBF2A458D38008EA9AD /* Frameworks */,
				44A4BFC02A458D38008EA9AD /* Resources */,
			);
			buildRules = (
			);
			dependencies = (
			);
			name = GoldenNotes;
			productName = GoldenNotes;
			productReference = 44A4BFC22A458D38008EA9AD /* GoldenNotes.app */;
			productType = "com.apple.product-type.application";
		};
/* End PBXNativeTarget section */

/* Begin PBXProject section */
		44A4BFBA2A458D38008EA9AD /* Project object */ = {
			isa = PBXProject;
			attributes = {
				BuildIndependentTargetsInParallel = 1;
				LastSwiftUpdateCheck = 1420;
				LastUpgradeCheck = 1420;
				TargetAttributes = {
					44A4BFC12A458D38008EA9AD = {
						CreatedOnToolsVersion = 14.2;
					};
				};
			};
			buildConfigurationList = 44A4BFBD2A458D38008EA9AD /* Build configuration list for PBXProject "GoldenNotes" */;
			compatibilityVersion = "Xcode 14.0";
			developmentRegion = en;
			hasScannedForEncodings = 0;
			knownRegions = (
				en,
				Base,
			);
			mainGroup = 44A4BFB92A458D38008EA9AD;
			productRefGroup = 44A4BFC32A458D38008EA9AD /* Products */;
			projectDirPath = "";
			projectRoot = "";
			targets = (
				44A4BFC12A458D38008EA9AD /* GoldenNotes */,
			);
		};
/* End PBXProject section */

/* Begin PBXResourcesBuildPhase section */
		44A4BFC02A458D38008EA9AD /* Resources */ = {
			isa = PBXResourcesBuildPhase;
			buildActionMask = 2147483647;
			files = (
				44A4BFD52A458D3A008EA9AD /* LaunchScreen.storyboard in Resources */,
				44A4BFD22A458D3A008EA9AD /* Assets.xcassets in Resources */,
				44A4BFCD2A458D38008EA9AD /* Main.storyboard in Resources */,
				443C6E092A45C39F00DF060D /* NoteCell.xib in Resources */,
			);
			runOnlyForDeploymentPostprocessing = 0;
		};
/* End PBXResourcesBuildPhase section */

/* Begin PBXSourcesBuildPhase section */
		44A4BFBE2A458D38008EA9AD /* Sources */ = {
			isa = PBXSourcesBuildPhase;
			buildActionMask = 2147483647;
			files = (
				44A4BFCA2A458D38008EA9AD /* ListController.swift in Sources */,
				447940122A462293008FE53E /* ViewerController.swift in Sources */,
				44A4BFC62A458D38008EA9AD /* AppDelegate.swift in Sources */,
				44A4BFD02A458D38008EA9AD /* GoldenNotes.xcdatamodeld in Sources */,
				443C6E082A45C39F00DF060D /* NoteCell.swift in Sources */,
				44A4BFC82A458D38008EA9AD /* SceneDelegate.swift in Sources */,
				44A4BFE32A459025008EA9AD /* NoteController.swift in Sources */,
			);
			runOnlyForDeploymentPostprocessing = 0;
		};
/* End PBXSourcesBuildPhase section */

/* Begin PBXVariantGroup section */
		44A4BFCB2A458D38008EA9AD /* Main.storyboard */ = {
			isa = PBXVariantGroup;
			children = (
				44A4BFCC2A458D38008EA9AD /* Base */,
			);
			name = Main.storyboard;
			sourceTree = "<group>";
		};
		44A4BFD32A458D3A008EA9AD /* LaunchScreen.storyboard */ = {
			isa = PBXVariantGroup;
			children = (
				44A4BFD42A458D3A008EA9AD /* Base */,
			);
			name = LaunchScreen.storyboard;
			sourceTree = "<group>";
		};
/* End PBXVariantGroup section */

/* Begin XCBuildConfiguration section */
		44A4BFD72A458D3A008EA9AD /* Debug */ = {
			isa = XCBuildConfiguration;
			buildSettings = {
				ALWAYS_SEARCH_USER_PATHS = NO;
				CLANG_ANALYZER_NONNULL = YES;
				CLANG_ANALYZER_NUMBER_OBJECT_CONVERSION = YES_AGGRESSIVE;
				CLANG_CXX_LANGUAGE_STANDARD = "gnu++20";
				CLANG_ENABLE_MODULES = YES;
				CLANG_ENABLE_OBJC_ARC = YES;
				CLANG_ENABLE_OBJC_WEAK = YES;
				CLANG_WARN_BLOCK_CAPTURE_AUTORELEASING = YES;
				CLANG_WARN_BOOL_CONVERSION = YES;
				CLANG_WARN_COMMA = YES;
				CLANG_WARN_CONSTANT_CONVERSION = YES;
				CLANG_WARN_DEPRECATED_OBJC_IMPLEMENTATIONS = YES;
				CLANG_WARN_DIRECT_OBJC_ISA_USAGE = YES_ERROR;
				CLANG_WARN_DOCUMENTATION_COMMENTS = YES;
				CLANG_WARN_EMPTY_BODY = YES;
				CLANG_WARN_ENUM_CONVERSION = YES;
				CLANG_WARN_INFINITE_RECURSION = YES;
				CLANG_WARN_INT_CONVERSION = YES;
				CLANG_WARN_NON_LITERAL_NULL_CONVERSION = YES;
				CLANG_WARN_OBJC_IMPLICIT_RETAIN_SELF = YES;
				CLANG_WARN_OBJC_LITERAL_CONVERSION = YES;
				CLANG_WARN_OBJC_ROOT_CLASS = YES_ERROR;
				CLANG_WARN_QUOTED_INCLUDE_IN_FRAMEWORK_HEADER = YES;
				CLANG_WARN_RANGE_LOOP_ANALYSIS = YES;
				CLANG_WARN_STRICT_PROTOTYPES = YES;
				CLANG_WARN_SUSPICIOUS_MOVE = YES;
				CLANG_WARN_UNGUARDED_AVAILABILITY = YES_AGGRESSIVE;
				CLANG_WARN_UNREACHABLE_CODE = YES;
				CLANG_WARN__DUPLICATE_METHOD_MATCH = YES;
				COPY_PHASE_STRIP = NO;
				DEBUG_INFORMATION_FORMAT = dwarf;
				ENABLE_STRICT_OBJC_MSGSEND = YES;
				ENABLE_TESTABILITY = YES;
				GCC_C_LANGUAGE_STANDARD = gnu11;
				GCC_DYNAMIC_NO_PIC = NO;
				GCC_NO_COMMON_BLOCKS = YES;
				GCC_OPTIMIZATION_LEVEL = 0;
				GCC_PREPROCESSOR_DEFINITIONS = (
					"DEBUG=1",
					"$(inherited)",
				);
				GCC_WARN_64_TO_32_BIT_CONVERSION = YES;
				GCC_WARN_ABOUT_RETURN_TYPE = YES_ERROR;
				GCC_WARN_UNDECLARED_SELECTOR = YES;
				GCC_WARN_UNINITIALIZED_AUTOS = YES_AGGRESSIVE;
				GCC_WARN_UNUSED_FUNCTION = YES;
				GCC_WARN_UNUSED_VARIABLE = YES;
				IPHONEOS_DEPLOYMENT_TARGET = 16.2;
				MTL_ENABLE_DEBUG_INFO = INCLUDE_SOURCE;
				MTL_FAST_MATH = YES;
				ONLY_ACTIVE_ARCH = YES;
				SDKROOT = iphoneos;
				SWIFT_ACTIVE_COMPILATION_CONDITIONS = DEBUG;
				SWIFT_OPTIMIZATION_LEVEL = "-Onone";
			};
			name = Debug;
		};
		44A4BFD82A458D3A008EA9AD /* Release */ = {
			isa = XCBuildConfiguration;
			buildSettings = {
				ALWAYS_SEARCH_USER_PATHS = NO;
				CLANG_ANALYZER_NONNULL = YES;
				CLANG_ANALYZER_NUMBER_OBJECT_CONVERSION = YES_AGGRESSIVE;
				CLANG_CXX_LANGUAGE_STANDARD = "gnu++20";
				CLANG_ENABLE_MODULES = YES;
				CLANG_ENABLE_OBJC_ARC = YES;
				CLANG_ENABLE_OBJC_WEAK = YES;
				CLANG_WARN_BLOCK_CAPTURE_AUTORELEASING = YES;
				CLANG_WARN_BOOL_CONVERSION = YES;
				CLANG_WARN_COMMA = YES;
				CLANG_WARN_CONSTANT_CONVERSION = YES;
				CLANG_WARN_DEPRECATED_OBJC_IMPLEMENTATIONS = YES;
				CLANG_WARN_DIRECT_OBJC_ISA_USAGE = YES_ERROR;
				CLANG_WARN_DOCUMENTATION_COMMENTS = YES;
				CLANG_WARN_EMPTY_BODY = YES;
				CLANG_WARN_ENUM_CONVERSION = YES;
				CLANG_WARN_INFINITE_RECURSION = YES;
				CLANG_WARN_INT_CONVERSION = YES;
				CLANG_WARN_NON_LITERAL_NULL_CONVERSION = YES;
				CLANG_WARN_OBJC_IMPLICIT_RETAIN_SELF = YES;
				CLANG_WARN_OBJC_LITERAL_CONVERSION = YES;
				CLANG_WARN_OBJC_ROOT_CLASS = YES_ERROR;
				CLANG_WARN_QUOTED_INCLUDE_IN_FRAMEWORK_HEADER = YES;
				CLANG_WARN_RANGE_LOOP_ANALYSIS = YES;
				CLANG_WARN_STRICT_PROTOTYPES = YES;
				CLANG_WARN_SUSPICIOUS_MOVE = YES;
				CLANG_WARN_UNGUARDED_AVAILABILITY = YES_AGGRESSIVE;
				CLANG_WARN_UNREACHABLE_CODE = YES;
				CLANG_WARN__DUPLICATE_METHOD_MATCH = YES;
				COPY_PHASE_STRIP = NO;
				DEBUG_INFORMATION_FORMAT = "dwarf-with-dsym";
				ENABLE_NS_ASSERTIONS = NO;
				ENABLE_STRICT_OBJC_MSGSEND = YES;
				GCC_C_LANGUAGE_STANDARD = gnu11;
				GCC_NO_COMMON_BLOCKS = YES;
				GCC_WARN_64_TO_32_BIT_CONVERSION = YES;
				GCC_WARN_ABOUT_RETURN_TYPE = YES_ERROR;
				GCC_WARN_UNDECLARED_SELECTOR = YES;
				GCC_WARN_UNINITIALIZED_AUTOS = YES_AGGRESSIVE;
				GCC_WARN_UNUSED_FUNCTION = YES;
				GCC_WARN_UNUSED_VARIABLE = YES;
				IPHONEOS_DEPLOYMENT_TARGET = 16.2;
				MTL_ENABLE_DEBUG_INFO = NO;
				MTL_FAST_MATH = YES;
				SDKROOT = iphoneos;
				SWIFT_COMPILATION_MODE = wholemodule;
				SWIFT_OPTIMIZATION_LEVEL = "-O";
				VALIDATE_PRODUCT = YES;
			};
			name = Release;
		};
		44A4BFDA2A458D3A008EA9AD /* Debug */ = {
			isa = XCBuildConfiguration;
			buildSettings = {
				ASSETCATALOG_COMPILER_APPICON_NAME = AppIcon;
				ASSETCATALOG_COMPILER_GLOBAL_ACCENT_COLOR_NAME = AccentColor;
				CODE_SIGN_STYLE = Automatic;
				CURRENT_PROJECT_VERSION = 1;
				DEVELOPMENT_TEAM = W6V4RR3FKW;
				GENERATE_INFOPLIST_FILE = YES;
				INFOPLIST_FILE = "GoldenNotes/Support Files/Info.plist";
				INFOPLIST_KEY_UIApplicationSupportsIndirectInputEvents = YES;
				INFOPLIST_KEY_UILaunchStoryboardName = LaunchScreen;
				INFOPLIST_KEY_UIMainStoryboardFile = Main;
				INFOPLIST_KEY_UISupportedInterfaceOrientations_iPad = "UIInterfaceOrientationPortrait UIInterfaceOrientationPortraitUpsideDown UIInterfaceOrientationLandscapeLeft UIInterfaceOrientationLandscapeRight";
				INFOPLIST_KEY_UISupportedInterfaceOrientations_iPhone = "UIInterfaceOrientationPortrait UIInterfaceOrientationLandscapeLeft UIInterfaceOrientationLandscapeRight";
				IPHONEOS_DEPLOYMENT_TARGET = 15.0;
				LD_RUNPATH_SEARCH_PATHS = (
					"$(inherited)",
					"@executable_path/Frameworks",
				);
				MARKETING_VERSION = 1.0;
				PRODUCT_BUNDLE_IDENTIFIER = pl.goldenapp.GoldenNotes;
				PRODUCT_NAME = "$(TARGET_NAME)";
				SWIFT_EMIT_LOC_STRINGS = YES;
				SWIFT_VERSION = 5.0;
				TARGETED_DEVICE_FAMILY = "1,2";
			};
			name = Debug;
		};
		44A4BFDB2A458D3A008EA9AD /* Release */ = {
			isa = XCBuildConfiguration;
			buildSettings = {
				ASSETCATALOG_COMPILER_APPICON_NAME = AppIcon;
				ASSETCATALOG_COMPILER_GLOBAL_ACCENT_COLOR_NAME = AccentColor;
				CODE_SIGN_STYLE = Automatic;
				CURRENT_PROJECT_VERSION = 1;
				DEVELOPMENT_TEAM = W6V4RR3FKW;
				GENERATE_INFOPLIST_FILE = YES;
				INFOPLIST_FILE = "GoldenNotes/Support Files/Info.plist";
				INFOPLIST_KEY_UIApplicationSupportsIndirectInputEvents = YES;
				INFOPLIST_KEY_UILaunchStoryboardName = LaunchScreen;
				INFOPLIST_KEY_UIMainStoryboardFile = Main;
				INFOPLIST_KEY_UISupportedInterfaceOrientations_iPad = "UIInterfaceOrientationPortrait UIInterfaceOrientationPortraitUpsideDown UIInterfaceOrientationLandscapeLeft UIInterfaceOrientationLandscapeRight";
				INFOPLIST_KEY_UISupportedInterfaceOrientations_iPhone = "UIInterfaceOrientationPortrait UIInterfaceOrientationLandscapeLeft UIInterfaceOrientationLandscapeRight";
				IPHONEOS_DEPLOYMENT_TARGET = 15.0;
				LD_RUNPATH_SEARCH_PATHS = (
					"$(inherited)",
					"@executable_path/Frameworks",
				);
				MARKETING_VERSION = 1.0;
				PRODUCT_BUNDLE_IDENTIFIER = pl.goldenapp.GoldenNotes;
				PRODUCT_NAME = "$(TARGET_NAME)";
				SWIFT_EMIT_LOC_STRINGS = YES;
				SWIFT_VERSION = 5.0;
				TARGETED_DEVICE_FAMILY = "1,2";
			};
			name = Release;
		};
/* End XCBuildConfiguration section */

/* Begin XCConfigurationList section */
		44A4BFBD2A458D38008EA9AD /* Build configuration list for PBXProject "GoldenNotes" */ = {
			isa = XCConfigurationList;
			buildConfigurations = (
				44A4BFD72A458D3A008EA9AD /* Debug */,
				44A4BFD82A458D3A008EA9AD /* Release */,
			);
			defaultConfigurationIsVisible = 0;
			defaultConfigurationName = Release;
		};
		44A4BFD92A458D3A008EA9AD /* Build configuration list for PBXNativeTarget "GoldenNotes" */ = {
			isa = XCConfigurationList;
			buildConfigurations = (
				44A4BFDA2A458D3A008EA9AD /* Debug */,
				44A4BFDB2A458D3A008EA9AD /* Release */,
			);
			defaultConfigurationIsVisible = 0;
			defaultConfigurationName = Release;
		};
/* End XCConfigurationList section */

/* Begin XCVersionGroup section */
		44A4BFCE2A458D38008EA9AD /* GoldenNotes.xcdatamodeld */ = {
			isa = XCVersionGroup;
			children = (
				44A4BFCF2A458D38008EA9AD /* GoldenNotes.xcdatamodel */,
			);
			currentVersion = 44A4BFCF2A458D38008EA9AD /* GoldenNotes.xcdatamodel */;
			path = GoldenNotes.xcdatamodeld;
			sourceTree = "<group>";
			versionGroupType = wrapper.xcdatamodel;
		};
/* End XCVersionGroup section */
	};
	rootObject = 44A4BFBA2A458D38008EA9AD /* Project object */;
}
